
Microsoft Visual Studio Solution File, Format Version 9.00
# Visual Studio 2005
Project("{8BC9CEB8-8B4A-11D0-8D11-00A0C91BC942}") = "TDEM_07", "TDEmitterv1.vcproj", "{31380DD9-F9AB-43E7-A698-52607F28E695}"
	ProjectSection(ProjectDependencies) = postProject
		{DD477980-13D0-46D4-84B6-86769ACC484A} = {DD477980-13D0-46D4-84B6-86769ACC484A}
	EndProjectSection
EndProject
Project("{8BC9CEB8-8B4A-11D0-8D11-00A0C91BC942}") = "C4D96_api_v8", "..\..\resource\_api_lib\_api_v8.vcproj", "{DD477980-13D0-46D4-84B6-86769ACC484A}"
EndProject
Global
	GlobalSection(SolutionConfigurationPlatforms) = preSolution
		Debug|Win32 = Debug|Win32
		Debug|x64 = Debug|x64
		Intel Demo|Win32 = Intel Demo|Win32
		Intel Demo|x64 = Intel Demo|x64
		Intel|Win32 = Intel|Win32
		Intel|x64 = Intel|x64
		Release|Win32 = Release|Win32
		Release|x64 = Release|x64
		ReleseSSE2|Win32 = ReleseSSE2|Win32
		ReleseSSE2|x64 = ReleseSSE2|x64
	EndGlobalSection
	GlobalSection(ProjectConfigurationPlatforms) = postSolution
		{31380DD9-F9AB-43E7-A698-52607F28E695}.Debug|Win32.ActiveCfg = Debug|Win32
		{31380DD9-F9AB-43E7-A698-52607F28E695}.Debug|Win32.Build.0 = Debug|Win32
		{31380DD9-F9AB-43E7-A698-52607F28E695}.Debug|x64.ActiveCfg = Debug|Win32
		{31380DD9-F9AB-43E7-A698-52607F28E695}.Intel Demo|Win32.ActiveCfg = Debug|Win32
		{31380DD9-F9AB-43E7-A698-52607F28E695}.Intel Demo|Win32.Build.0 = Debug|Win32
		{31380DD9-F9AB-43E7-A698-52607F28E695}.Intel Demo|x64.ActiveCfg = Debug|Win32
		{31380DD9-F9AB-43E7-A698-52607F28E695}.Intel|Win32.ActiveCfg = Debug|Win32
		{31380DD9-F9AB-43E7-A698-52607F28E695}.Intel|Win32.Build.0 = Debug|Win32
		{31380DD9-F9AB-43E7-A698-52607F28E695}.Intel|x64.ActiveCfg = Debug|Win32
		{31380DD9-F9AB-43E7-A698-52607F28E695}.Release|Win32.ActiveCfg = Release|Win32
		{31380DD9-F9AB-43E7-A698-52607F28E695}.Release|Win32.Build.0 = Release|Win32
		{31380DD9-F9AB-43E7-A698-52607F28E695}.Release|x64.ActiveCfg = Release|Win32
		{31380DD9-F9AB-43E7-A698-52607F28E695}.ReleseSSE2|Win32.ActiveCfg = Release|Win32
		{31380DD9-F9AB-43E7-A698-52607F28E695}.ReleseSSE2|Win32.Build.0 = Release|Win32
		{31380DD9-F9AB-43E7-A698-52607F28E695}.ReleseSSE2|x64.ActiveCfg = Release|Win32
		{DD477980-13D0-46D4-84B6-86769ACC484A}.Debug|Win32.ActiveCfg = Debug|Win32
		{DD477980-13D0-46D4-84B6-86769ACC484A}.Debug|Win32.Build.0 = Debug|Win32
		{DD477980-13D0-46D4-84B6-86769ACC484A}.Debug|x64.ActiveCfg = Debug|x64
		{DD477980-13D0-46D4-84B6-86769ACC484A}.Debug|x64.Build.0 = Debug|x64
		{DD477980-13D0-46D4-84B6-86769ACC484A}.Intel Demo|Win32.ActiveCfg = Intel Demo|Win32
		{DD477980-13D0-46D4-84B6-86769ACC484A}.Intel Demo|Win32.Build.0 = Intel Demo|Win32
		{DD477980-13D0-46D4-84B6-86769ACC484A}.Intel Demo|x64.ActiveCfg = Intel Demo|x64
		{DD477980-13D0-46D4-84B6-86769ACC484A}.Intel Demo|x64.Build.0 = Intel Demo|x64
		{DD477980-13D0-46D4-84B6-86769ACC484A}.Intel|Win32.ActiveCfg = Intel|Win32
		{DD477980-13D0-46D4-84B6-86769ACC484A}.Intel|Win32.Build.0 = Intel|Win32
		{DD477980-13D0-46D4-84B6-86769ACC484A}.Intel|x64.ActiveCfg = Intel|x64
		{DD477980-13D0-46D4-84B6-86769ACC484A}.Intel|x64.Build.0 = Intel|x64
		{DD477980-13D0-46D4-84B6-86769ACC484A}.Release|Win32.ActiveCfg = Release|Win32
		{DD477980-13D0-46D4-84B6-86769ACC484A}.Release|Win32.Build.0 = Release|Win32
		{DD477980-13D0-46D4-84B6-86769ACC484A}.Release|x64.ActiveCfg = Release|x64
		{DD477980-13D0-46D4-84B6-86769ACC484A}.Release|x64.Build.0 = Release|x64
		{DD477980-13D0-46D4-84B6-86769ACC484A}.ReleseSSE2|Win32.ActiveCfg = ReleseSSE2|Win32
		{DD477980-13D0-46D4-84B6-86769ACC484A}.ReleseSSE2|Win32.Build.0 = ReleseSSE2|Win32
		{DD477980-13D0-46D4-84B6-86769ACC484A}.ReleseSSE2|x64.ActiveCfg = ReleseSSE2|x64
		{DD477980-13D0-46D4-84B6-86769ACC484A}.ReleseSSE2|x64.Build.0 = ReleseSSE2|x64
	EndGlobalSection
	GlobalSection(SolutionProperties) = preSolution
		HideSolutionNode = FALSE
	EndGlobalSection
EndGlobal
